// !$*UTF8*$!
{
	archiveVersion = 1;
	classes = {
	};
	objectVersion = 46;
	objects = {

/* Begin PBXBuildFile section */
		141119FD1ED960FB00217B58 /* DeviceManager.m in Sources */ = {isa = PBXBuildFile; fileRef = 141119FC1ED960FB00217B58 /* DeviceManager.m */; };
		1466D6D71F011520007E10E2 /* SitbPressManager.m in Sources */ = {isa = PBXBuildFile; fileRef = 1466D6D61F011520007E10E2 /* SitbPressManager.m */; };
/* End PBXBuildFile section */

/* Begin PBXCopyFilesBuildPhase section */
		141119E61ED9606A00217B58 /* CopyFiles */ = {
			isa = PBXCopyFilesBuildPhase;
			buildActionMask = 2147483647;
			dstPath = "include/$(PRODUCT_NAME)";
			dstSubfolderSpec = 16;
			files = (
			);
			runOnlyForDeploymentPostprocessing = 0;
		};
/* End PBXCopyFilesBuildPhase section */

/* Begin PBXFileReference section */
		141119E81ED9606A00217B58 /* libSitbRCTUtils.a */ = {isa = PBXFileReference; explicitFileType = archive.ar; includeInIndex = 0; path = libSitbRCTUtils.a; sourceTree = BUILT_PRODUCTS_DIR; };
		141119FB1ED960E300217B58 /* DeviceManager.h */ = {isa = PBXFileReference; lastKnownFileType = sourcecode.c.h; name = DeviceManager.h; path = DeviceManager/DeviceManager.h; sourceTree = "<group>"; };
		141119FC1ED960FB00217B58 /* DeviceManager.m */ = {isa = PBXFileReference; fileEncoding = 4; lastKnownFileType = sourcecode.c.objc; name = DeviceManager.m; path = DeviceManager/DeviceManager.m; sourceTree = "<group>"; };
		1466D6D51F011520007E10E2 /* SitbPressManager.h */ = {isa = PBXFileReference; fileEncoding = 4; lastKnownFileType = sourcecode.c.h; name = SitbPressManager.h; path = PressManager/SitbPressManager.h; sourceTree = "<group>"; };
		1466D6D61F011520007E10E2 /* SitbPressManager.m */ = {isa = PBXFileReference; fileEncoding = 4; lastKnownFileType = sourcecode.c.objc; name = SitbPressManager.m; path = PressManager/SitbPressManager.m; sourceTree = "<group>"; };
/* End PBXFileReference section */

/* Begin PBXFrameworksBuildPhase section */
		141119E51ED9606A00217B58 /* Frameworks */ = {
			isa = PBXFrameworksBuildPhase;
			buildActionMask = 2147483647;
			files = (
			);
			runOnlyForDeploymentPostprocessing = 0;
		};
/* End PBXFrameworksBuildPhase section */

/* Begin PBXGroup section */
		141119DF1ED9606A00217B58 = {
			isa = PBXGroup;
			children = (
				1466D6CE1F00D2B5007E10E2 /* PressManager */,
				141119F41ED9608400217B58 /* DeviceManager */,
				141119E91ED9606A00217B58 /* Products */,
			);
			sourceTree = "<group>";
		};
		141119E91ED9606A00217B58 /* Products */ = {
			isa = PBXGroup;
			children = (
				141119E81ED9606A00217B58 /* libSitbRCTUtils.a */,
			);
			name = Products;
			sourceTree = "<group>";
		};
		141119F41ED9608400217B58 /* DeviceManager */ = {
			isa = PBXGroup;
			children = (
				141119FB1ED960E300217B58 /* DeviceManager.h */,
				141119FC1ED960FB00217B58 /* DeviceManager.m */,
			);
			name = DeviceManager;
			sourceTree = "<group>";
		};
		1466D6CE1F00D2B5007E10E2 /* PressManager */ = {
			isa = PBXGroup;
			children = (
				1466D6D51F011520007E10E2 /* SitbPressManager.h */,
				1466D6D61F011520007E10E2 /* SitbPressManager.m */,
			);
			name = PressManager;
			sourceTree = "<group>";
		};
/* End PBXGroup section */

/* Begin PBXNativeTarget section */
		141119E71ED9606A00217B58 /* SitbRCTUtils */ = {
			isa = PBXNativeTarget;
			buildConfigurationList = 141119F11ED9606A00217B58 /* Build configuration list for PBXNativeTarget "SitbRCTUtils" */;
			buildPhases = (
				141119E41ED9606A00217B58 /* Sources */,
				141119E51ED9606A00217B58 /* Frameworks */,
				141119E61ED9606A00217B58 /* CopyFiles */,
			);
			buildRules = (
			);
			dependencies = (
			);
			name = SitbRCTUtils;
			productName = SitbRCTUtils;
			productReference = 141119E81ED9606A00217B58 /* libSitbRCTUtils.a */;
			productType = "com.apple.product-type.library.static";
		};
/* End PBXNativeTarget section */

/* Begin PBXProject section */
		141119E01ED9606A00217B58 /* Project object */ = {
			isa = PBXProject;
			attributes = {
				LastUpgradeCheck = 0830;
				ORGANIZATIONNAME = "Sitb Software";
				TargetAttributes = {
					141119E71ED9606A00217B58 = {
						CreatedOnToolsVersion = 8.3.2;
						DevelopmentTeam = BQ4NXA23JF;
						ProvisioningStyle = Automatic;
					};
				};
			};
			buildConfigurationList = 141119E31ED9606A00217B58 /* Build configuration list for PBXProject "SitbRCTUtils" */;
			compatibilityVersion = "Xcode 3.2";
			developmentRegion = English;
			hasScannedForEncodings = 0;
			knownRegions = (
				en,
			);
			mainGroup = 141119DF1ED9606A00217B58;
			productRefGroup = 141119E91ED9606A00217B58 /* Products */;
			projectDirPath = "";
			projectRoot = "";
			targets = (
				141119E71ED9606A00217B58 /* SitbRCTUtils */,
			);
		};
/* End PBXProject section */

/* Begin PBXSourcesBuildPhase section */
		141119E41ED9606A00217B58 /* Sources */ = {
			isa = PBXSourcesBuildPhase;
			buildActionMask = 2147483647;
			files = (
				141119FD1ED960FB00217B58 /* DeviceManager.m in Sources */,
				1466D6D71F011520007E10E2 /* SitbPressManager.m in Sources */,
			);
			runOnlyForDeploymentPostprocessing = 0;
		};
/* End PBXSourcesBuildPhase section */

/* Begin XCBuildConfiguration section */
		141119EF1ED9606A00217B58 /* Debug */ = {
			isa = XCBuildConfiguration;
			buildSettings = {
				ALWAYS_SEARCH_USER_PATHS = NO;
				CLANG_ANALYZER_NONNULL = YES;
				CLANG_ANALYZER_NUMBER_OBJECT_CONVERSION = YES_AGGRESSIVE;
				CLANG_CXX_LANGUAGE_STANDARD = "gnu++0x";
				CLANG_CXX_LIBRARY = "libc++";
				CLANG_ENABLE_MODULES = YES;
				CLANG_ENABLE_OBJC_ARC = YES;
				CLANG_WARN_BOOL_CONVERSION = YES;
				CLANG_WARN_CONSTANT_CONVERSION = YES;
				CLANG_WARN_DIRECT_OBJC_ISA_USAGE = YES_ERROR;
				CLANG_WARN_DOCUMENTATION_COMMENTS = YES;
				CLANG_WARN_EMPTY_BODY = YES;
				CLANG_WARN_ENUM_CONVERSION = YES;
				CLANG_WARN_INFINITE_RECURSION = YES;
				CLANG_WARN_INT_CONVERSION = YES;
				CLANG_WARN_OBJC_ROOT_CLASS = YES_ERROR;
				CLANG_WARN_SUSPICIOUS_MOVE = YES;
				CLANG_WARN_UNREACHABLE_CODE = YES;
				CLANG_WARN__DUPLICATE_METHOD_MATCH = YES;
				"CODE_SIGN_IDENTITY[sdk=iphoneos*]" = "iPhone Developer";
				COPY_PHASE_STRIP = NO;
				DEBUG_INFORMATION_FORMAT = dwarf;
				ENABLE_STRICT_OBJC_MSGSEND = YES;
				ENABLE_TESTABILITY = YES;
				GCC_C_LANGUAGE_STANDARD = gnu99;
				GCC_DYNAMIC_NO_PIC = NO;
				GCC_NO_COMMON_BLOCKS = YES;
				GCC_OPTIMIZATION_LEVEL = 0;
				GCC_PREPROCESSOR_DEFINITIONS = (
					"DEBUG=1",
					"$(inherited)",
				);
				GCC_WARN_64_TO_32_BIT_CONVERSION = YES;
				GCC_WARN_ABOUT_RETURN_TYPE = YES_ERROR;
				GCC_WARN_UNDECLARED_SELECTOR = YES;
				GCC_WARN_UNINITIALIZED_AUTOS = YES_AGGRESSIVE;
				GCC_WARN_UNUSED_FUNCTION = YES;
				GCC_WARN_UNUSED_VARIABLE = YES;
				IPHONEOS_DEPLOYMENT_TARGET = 10.3;
				MTL_ENABLE_DEBUG_INFO = YES;
				ONLY_ACTIVE_ARCH = YES;
				SDKROOT = iphoneos;
			};
			name = Debug;
		};
		141119F01ED9606A00217B58 /* Release */ = {
			isa = XCBuildConfiguration;
			buildSettings = {
				ALWAYS_SEARCH_USER_PATHS = NO;
				CLANG_ANALYZER_NONNULL = YES;
				CLANG_ANALYZER_NUMBER_OBJECT_CONVERSION = YES_AGGRESSIVE;
				CLANG_CXX_LANGUAGE_STANDARD = "gnu++0x";
				CLANG_CXX_LIBRARY = "libc++";
				CLANG_ENABLE_MODULES = YES;
				CLANG_ENABLE_OBJC_ARC = YES;
				CLANG_WARN_BOOL_CONVERSION = YES;
				CLANG_WARN_CONSTANT_CONVERSION = YES;
				CLANG_WARN_DIRECT_OBJC_ISA_USAGE = YES_ERROR;
				CLANG_WARN_DOCUMENTATION_COMMENTS = YES;
				CLANG_WARN_EMPTY_BODY = YES;
				CLANG_WARN_ENUM_CONVERSION = YES;
				CLANG_WARN_INFINITE_RECURSION = YES;
				CLANG_WARN_INT_CONVERSION = YES;
				CLANG_WARN_OBJC_ROOT_CLASS = YES_ERROR;
				CLANG_WARN_SUSPICIOUS_MOVE = YES;
				CLANG_WARN_UNREACHABLE_CODE = YES;
				CLANG_WARN__DUPLICATE_METHOD_MATCH = YES;
				"CODE_SIGN_IDENTITY[sdk=iphoneos*]" = "iPhone Developer";
				COPY_PHASE_STRIP = NO;
				DEBUG_INFORMATION_FORMAT = "dwarf-with-dsym";
				ENABLE_NS_ASSERTIONS = NO;
				ENABLE_STRICT_OBJC_MSGSEND = YES;
				GCC_C_LANGUAGE_STANDARD = gnu99;
				GCC_NO_COMMON_BLOCKS = YES;
				GCC_WARN_64_TO_32_BIT_CONVERSION = YES;
				GCC_WARN_ABOUT_RETURN_TYPE = YES_ERROR;
				GCC_WARN_UNDECLARED_SELECTOR = YES;
				GCC_WARN_UNINITIALIZED_AUTOS = YES_AGGRESSIVE;
				GCC_WARN_UNUSED_FUNCTION = YES;
				GCC_WARN_UNUSED_VARIABLE = YES;
				IPHONEOS_DEPLOYMENT_TARGET = 10.3;
				MTL_ENABLE_DEBUG_INFO = NO;
				SDKROOT = iphoneos;
				VALIDATE_PRODUCT = YES;
			};
			name = Release;
		};
		141119F21ED9606A00217B58 /* Debug */ = {
			isa = XCBuildConfiguration;
			buildSettings = {
				DEVELOPMENT_TEAM = BQ4NXA23JF;
				OTHER_LDFLAGS = "-ObjC";
				PRODUCT_NAME = "$(TARGET_NAME)";
				SKIP_INSTALL = YES;
			};
			name = Debug;
		};
		141119F31ED9606A00217B58 /* Release */ = {
			isa = XCBuildConfiguration;
			buildSettings = {
				DEVELOPMENT_TEAM = BQ4NXA23JF;
				OTHER_LDFLAGS = "-ObjC";
				PRODUCT_NAME = "$(TARGET_NAME)";
				SKIP_INSTALL = YES;
			};
			name = Release;
		};
/* End XCBuildConfiguration section */

/* Begin XCConfigurationList section */
		141119E31ED9606A00217B58 /* Build configuration list for PBXProject "SitbRCTUtils" */ = {
			isa = XCConfigurationList;
			buildConfigurations = (
				141119EF1ED9606A00217B58 /* Debug */,
				141119F01ED9606A00217B58 /* Release */,
			);
			defaultConfigurationIsVisible = 0;
			defaultConfigurationName = Release;
		};
		141119F11ED9606A00217B58 /* Build configuration list for PBXNativeTarget "SitbRCTUtils" */ = {
			isa = XCConfigurationList;
			buildConfigurations = (
				141119F21ED9606A00217B58 /* Debug */,
				141119F31ED9606A00217B58 /* Release */,
			);
			defaultConfigurationIsVisible = 0;
			defaultConfigurationName = Release;
		};
/* End XCConfigurationList section */
	};
	rootObject = 141119E01ED9606A00217B58 /* Project object */;
}
