// !$*UTF8*$!
{
	archiveVersion = 1;
	classes = {
	};
	objectVersion = 46;
	objects = {

/* Begin PBXBuildFile section */
		274219D2DC32E12966F320A8 /* CanvasViewManager.m in Sources */ = {isa = PBXBuildFile; fileRef = 27421816E7EBF56FB89E6312 /* CanvasViewManager.m */; };
		27421DBA6E98EE0E396DF0B1 /* CanvasView.m in Sources */ = {isa = PBXBuildFile; fileRef = 27421A5CC9E974D6505236EB /* CanvasView.m */; };
/* End PBXBuildFile section */

/* Begin PBXCopyFilesBuildPhase section */
		1444254F1D3A3FA0004E3C0F /* CopyFiles */ = {
			isa = PBXCopyFilesBuildPhase;
			buildActionMask = 2147483647;
			dstPath = "include/$(PRODUCT_NAME)";
			dstSubfolderSpec = 16;
			files = (
			);
			runOnlyForDeploymentPostprocessing = 0;
		};
/* End PBXCopyFilesBuildPhase section */

/* Begin PBXFileReference section */
		144425511D3A3FA0004E3C0F /* libSitbRCTCanvas.a */ = {isa = PBXFileReference; explicitFileType = archive.ar; includeInIndex = 0; path = libSitbRCTCanvas.a; sourceTree = BUILT_PRODUCTS_DIR; };
		2742109CD6C45DC26CA0ADB6 /* CanvasViewManager.h */ = {isa = PBXFileReference; fileEncoding = 4; lastKnownFileType = sourcecode.c.h; path = CanvasViewManager.h; sourceTree = "<group>"; };
		274216BBC6D62DA0FEA984D9 /* CanvasView.h */ = {isa = PBXFileReference; fileEncoding = 4; lastKnownFileType = sourcecode.c.h; path = CanvasView.h; sourceTree = "<group>"; };
		27421816E7EBF56FB89E6312 /* CanvasViewManager.m */ = {isa = PBXFileReference; fileEncoding = 4; lastKnownFileType = sourcecode.c.objc; path = CanvasViewManager.m; sourceTree = "<group>"; };
		27421A5CC9E974D6505236EB /* CanvasView.m */ = {isa = PBXFileReference; fileEncoding = 4; lastKnownFileType = sourcecode.c.objc; path = CanvasView.m; sourceTree = "<group>"; };
/* End PBXFileReference section */

/* Begin PBXFrameworksBuildPhase section */
		1444254E1D3A3FA0004E3C0F /* Frameworks */ = {
			isa = PBXFrameworksBuildPhase;
			buildActionMask = 2147483647;
			files = (
			);
			runOnlyForDeploymentPostprocessing = 0;
		};
/* End PBXFrameworksBuildPhase section */

/* Begin PBXGroup section */
		144425481D3A3FA0004E3C0F = {
			isa = PBXGroup;
			children = (
				144425521D3A3FA0004E3C0F /* Products */,
				274216BBC6D62DA0FEA984D9 /* CanvasView.h */,
				2742109CD6C45DC26CA0ADB6 /* CanvasViewManager.h */,
				27421A5CC9E974D6505236EB /* CanvasView.m */,
				27421816E7EBF56FB89E6312 /* CanvasViewManager.m */,
			);
			sourceTree = "<group>";
		};
		144425521D3A3FA0004E3C0F /* Products */ = {
			isa = PBXGroup;
			children = (
				144425511D3A3FA0004E3C0F /* libSitbRCTCanvas.a */,
			);
			name = Products;
			sourceTree = "<group>";
		};
/* End PBXGroup section */

/* Begin PBXNativeTarget section */
		144425501D3A3FA0004E3C0F /* SitbRCTCanvas */ = {
			isa = PBXNativeTarget;
			buildConfigurationList = 1444255A1D3A3FA0004E3C0F /* Build configuration list for PBXNativeTarget "SitbRCTCanvas" */;
			buildPhases = (
				1444254D1D3A3FA0004E3C0F /* Sources */,
				1444254E1D3A3FA0004E3C0F /* Frameworks */,
				1444254F1D3A3FA0004E3C0F /* CopyFiles */,
			);
			buildRules = (
			);
			dependencies = (
			);
			name = SitbRCTCanvas;
			productName = SitbRCTCanvas;
			productReference = 144425511D3A3FA0004E3C0F /* libSitbRCTCanvas.a */;
			productType = "com.apple.product-type.library.static";
		};
/* End PBXNativeTarget section */

/* Begin PBXProject section */
		144425491D3A3FA0004E3C0F /* Project object */ = {
			isa = PBXProject;
			attributes = {
				LastUpgradeCheck = 0720;
				ORGANIZATIONNAME = "Sitb Software";
				TargetAttributes = {
					144425501D3A3FA0004E3C0F = {
						CreatedOnToolsVersion = 7.2.1;
					};
				};
			};
			buildConfigurationList = 1444254C1D3A3FA0004E3C0F /* Build configuration list for PBXProject "SitbRCTCanvas" */;
			compatibilityVersion = "Xcode 3.2";
			developmentRegion = English;
			hasScannedForEncodings = 0;
			knownRegions = (
				en,
			);
			mainGroup = 144425481D3A3FA0004E3C0F;
			productRefGroup = 144425521D3A3FA0004E3C0F /* Products */;
			projectDirPath = "";
			projectRoot = "";
			targets = (
				144425501D3A3FA0004E3C0F /* SitbRCTCanvas */,
			);
		};
/* End PBXProject section */

/* Begin PBXSourcesBuildPhase section */
		1444254D1D3A3FA0004E3C0F /* Sources */ = {
			isa = PBXSourcesBuildPhase;
			buildActionMask = 2147483647;
			files = (
				27421DBA6E98EE0E396DF0B1 /* CanvasView.m in Sources */,
				274219D2DC32E12966F320A8 /* CanvasViewManager.m in Sources */,
			);
			runOnlyForDeploymentPostprocessing = 0;
		};
/* End PBXSourcesBuildPhase section */

/* Begin XCBuildConfiguration section */
		144425581D3A3FA0004E3C0F /* Debug */ = {
			isa = XCBuildConfiguration;
			buildSettings = {
				ALWAYS_SEARCH_USER_PATHS = NO;
				CLANG_CXX_LANGUAGE_STANDARD = "gnu++0x";
				CLANG_CXX_LIBRARY = "libc++";
				CLANG_ENABLE_MODULES = YES;
				CLANG_ENABLE_OBJC_ARC = YES;
				CLANG_WARN_BOOL_CONVERSION = YES;
				CLANG_WARN_CONSTANT_CONVERSION = YES;
				CLANG_WARN_DIRECT_OBJC_ISA_USAGE = YES_ERROR;
				CLANG_WARN_EMPTY_BODY = YES;
				CLANG_WARN_ENUM_CONVERSION = YES;
				CLANG_WARN_INT_CONVERSION = YES;
				CLANG_WARN_OBJC_ROOT_CLASS = YES_ERROR;
				CLANG_WARN_UNREACHABLE_CODE = YES;
				CLANG_WARN__DUPLICATE_METHOD_MATCH = YES;
				"CODE_SIGN_IDENTITY[sdk=iphoneos*]" = "iPhone Developer";
				COPY_PHASE_STRIP = NO;
				DEBUG_INFORMATION_FORMAT = dwarf;
				ENABLE_STRICT_OBJC_MSGSEND = YES;
				ENABLE_TESTABILITY = YES;
				GCC_C_LANGUAGE_STANDARD = gnu99;
				GCC_DYNAMIC_NO_PIC = NO;
				GCC_NO_COMMON_BLOCKS = YES;
				GCC_OPTIMIZATION_LEVEL = 0;
				GCC_PREPROCESSOR_DEFINITIONS = (
					"DEBUG=1",
					"$(inherited)",
				);
				GCC_WARN_64_TO_32_BIT_CONVERSION = YES;
				GCC_WARN_ABOUT_RETURN_TYPE = YES_ERROR;
				GCC_WARN_UNDECLARED_SELECTOR = YES;
				GCC_WARN_UNINITIALIZED_AUTOS = YES_AGGRESSIVE;
				GCC_WARN_UNUSED_FUNCTION = YES;
				GCC_WARN_UNUSED_VARIABLE = YES;
				IPHONEOS_DEPLOYMENT_TARGET = 9.2;
				MTL_ENABLE_DEBUG_INFO = YES;
				ONLY_ACTIVE_ARCH = YES;
				SDKROOT = iphoneos;
			};
			name = Debug;
		};
		144425591D3A3FA0004E3C0F /* Release */ = {
			isa = XCBuildConfiguration;
			buildSettings = {
				ALWAYS_SEARCH_USER_PATHS = NO;
				CLANG_CXX_LANGUAGE_STANDARD = "gnu++0x";
				CLANG_CXX_LIBRARY = "libc++";
				CLANG_ENABLE_MODULES = YES;
				CLANG_ENABLE_OBJC_ARC = YES;
				CLANG_WARN_BOOL_CONVERSION = YES;
				CLANG_WARN_CONSTANT_CONVERSION = YES;
				CLANG_WARN_DIRECT_OBJC_ISA_USAGE = YES_ERROR;
				CLANG_WARN_EMPTY_BODY = YES;
				CLANG_WARN_ENUM_CONVERSION = YES;
				CLANG_WARN_INT_CONVERSION = YES;
				CLANG_WARN_OBJC_ROOT_CLASS = YES_ERROR;
				CLANG_WARN_UNREACHABLE_CODE = YES;
				CLANG_WARN__DUPLICATE_METHOD_MATCH = YES;
				"CODE_SIGN_IDENTITY[sdk=iphoneos*]" = "iPhone Developer";
				COPY_PHASE_STRIP = NO;
				DEBUG_INFORMATION_FORMAT = "dwarf-with-dsym";
				ENABLE_NS_ASSERTIONS = NO;
				ENABLE_STRICT_OBJC_MSGSEND = YES;
				GCC_C_LANGUAGE_STANDARD = gnu99;
				GCC_NO_COMMON_BLOCKS = YES;
				GCC_WARN_64_TO_32_BIT_CONVERSION = YES;
				GCC_WARN_ABOUT_RETURN_TYPE = YES_ERROR;
				GCC_WARN_UNDECLARED_SELECTOR = YES;
				GCC_WARN_UNINITIALIZED_AUTOS = YES_AGGRESSIVE;
				GCC_WARN_UNUSED_FUNCTION = YES;
				GCC_WARN_UNUSED_VARIABLE = YES;
				IPHONEOS_DEPLOYMENT_TARGET = 9.2;
				MTL_ENABLE_DEBUG_INFO = NO;
				SDKROOT = iphoneos;
				VALIDATE_PRODUCT = YES;
			};
			name = Release;
		};
		1444255B1D3A3FA0004E3C0F /* Debug */ = {
			isa = XCBuildConfiguration;
			buildSettings = {
				HEADER_SEARCH_PATHS = (
					"$(inherited)",
					"$(SRCROOT)/../../../react-native/React/**",
					"$(SRCROOT)/../../node_modules/react-native/React/**",
				);
				OTHER_LDFLAGS = "-ObjC";
				PRODUCT_NAME = "$(TARGET_NAME)";
				SKIP_INSTALL = YES;
			};
			name = Debug;
		};
		1444255C1D3A3FA0004E3C0F /* Release */ = {
			isa = XCBuildConfiguration;
			buildSettings = {
				HEADER_SEARCH_PATHS = (
					"$(inherited)",
					"$(SRCROOT)/../../../react-native/React/**",
					"$(SRCROOT)/../../node_modules/react-native/React/**",
				);
				OTHER_LDFLAGS = "-ObjC";
				PRODUCT_NAME = "$(TARGET_NAME)";
				SKIP_INSTALL = YES;
			};
			name = Release;
		};
/* End XCBuildConfiguration section */

/* Begin XCConfigurationList section */
		1444254C1D3A3FA0004E3C0F /* Build configuration list for PBXProject "SitbRCTCanvas" */ = {
			isa = XCConfigurationList;
			buildConfigurations = (
				144425581D3A3FA0004E3C0F /* Debug */,
				144425591D3A3FA0004E3C0F /* Release */,
			);
			defaultConfigurationIsVisible = 0;
			defaultConfigurationName = Release;
		};
		1444255A1D3A3FA0004E3C0F /* Build configuration list for PBXNativeTarget "SitbRCTCanvas" */ = {
			isa = XCConfigurationList;
			buildConfigurations = (
				1444255B1D3A3FA0004E3C0F /* Debug */,
				1444255C1D3A3FA0004E3C0F /* Release */,
			);
			defaultConfigurationIsVisible = 0;
			defaultConfigurationName = Release;
		};
/* End XCConfigurationList section */
	};
	rootObject = 144425491D3A3FA0004E3C0F /* Project object */;
}
