// !$*UTF8*$!
{
	archiveVersion = 1;
	classes = {
	};
	objectVersion = 46;
	objects = {

/* Begin PBXBuildFile section */
		14676CA81ECBF592002C5ED4 /* WeChatManager.m in Sources */ = {isa = PBXBuildFile; fileRef = 14676CA71ECBF592002C5ED4 /* WeChatManager.m */; };
		14676CD71ECBF688002C5ED4 /* libWeChatSDK.a in Frameworks */ = {isa = PBXBuildFile; fileRef = 14676CD21ECBF688002C5ED4 /* libWeChatSDK.a */; };
/* End PBXBuildFile section */

/* Begin PBXContainerItemProxy section */
		144928BD1F7E245A007599F6 /* PBXContainerItemProxy */ = {
			isa = PBXContainerItemProxy;
			containerPortal = 144928B91F7E245A007599F6 /* SitbLocalAuthentication.xcodeproj */;
			proxyType = 2;
			remoteGlobalIDString = 144928AD1F7E2433007599F6;
			remoteInfo = SitbLocalAuthentication;
		};
/* End PBXContainerItemProxy section */

/* Begin PBXCopyFilesBuildPhase section */
		14676C981ECBF563002C5ED4 /* CopyFiles */ = {
			isa = PBXCopyFilesBuildPhase;
			buildActionMask = 2147483647;
			dstPath = "include/$(PRODUCT_NAME)";
			dstSubfolderSpec = 16;
			files = (
			);
			runOnlyForDeploymentPostprocessing = 0;
		};
/* End PBXCopyFilesBuildPhase section */

/* Begin PBXFileReference section */
		144928B91F7E245A007599F6 /* SitbLocalAuthentication.xcodeproj */ = {isa = PBXFileReference; lastKnownFileType = "wrapper.pb-project"; name = SitbLocalAuthentication.xcodeproj; path = ../SitbLocalAuthentication/SitbLocalAuthentication.xcodeproj; sourceTree = "<group>"; };
		14676C9A1ECBF563002C5ED4 /* libSitbWeChat.a */ = {isa = PBXFileReference; explicitFileType = archive.ar; includeInIndex = 0; path = libSitbWeChat.a; sourceTree = BUILT_PRODUCTS_DIR; };
		14676CA61ECBF592002C5ED4 /* WeChatManager.h */ = {isa = PBXFileReference; fileEncoding = 4; lastKnownFileType = sourcecode.c.h; path = WeChatManager.h; sourceTree = "<group>"; };
		14676CA71ECBF592002C5ED4 /* WeChatManager.m */ = {isa = PBXFileReference; fileEncoding = 4; lastKnownFileType = sourcecode.c.objc; path = WeChatManager.m; sourceTree = "<group>"; };
		14676CD21ECBF688002C5ED4 /* libWeChatSDK.a */ = {isa = PBXFileReference; lastKnownFileType = archive.ar; name = libWeChatSDK.a; path = SDK/libWeChatSDK.a; sourceTree = "<group>"; };
		14676CD31ECBF688002C5ED4 /* README.txt */ = {isa = PBXFileReference; fileEncoding = 4; lastKnownFileType = text; name = README.txt; path = SDK/README.txt; sourceTree = "<group>"; };
		14676CD41ECBF688002C5ED4 /* WechatAuthSDK.h */ = {isa = PBXFileReference; fileEncoding = 4; lastKnownFileType = sourcecode.c.h; name = WechatAuthSDK.h; path = SDK/WechatAuthSDK.h; sourceTree = "<group>"; };
		14676CD51ECBF688002C5ED4 /* WXApi.h */ = {isa = PBXFileReference; fileEncoding = 4; lastKnownFileType = sourcecode.c.h; name = WXApi.h; path = SDK/WXApi.h; sourceTree = "<group>"; };
		14676CD61ECBF688002C5ED4 /* WXApiObject.h */ = {isa = PBXFileReference; fileEncoding = 4; lastKnownFileType = sourcecode.c.h; name = WXApiObject.h; path = SDK/WXApiObject.h; sourceTree = "<group>"; };
/* End PBXFileReference section */

/* Begin PBXFrameworksBuildPhase section */
		14676C971ECBF563002C5ED4 /* Frameworks */ = {
			isa = PBXFrameworksBuildPhase;
			buildActionMask = 2147483647;
			files = (
				14676CD71ECBF688002C5ED4 /* libWeChatSDK.a in Frameworks */,
			);
			runOnlyForDeploymentPostprocessing = 0;
		};
/* End PBXFrameworksBuildPhase section */

/* Begin PBXGroup section */
		144928BA1F7E245A007599F6 /* Products */ = {
			isa = PBXGroup;
			children = (
				144928BE1F7E245A007599F6 /* libSitbLocalAuthentication.a */,
			);
			name = Products;
			sourceTree = "<group>";
		};
		14676C911ECBF563002C5ED4 = {
			isa = PBXGroup;
			children = (
				144928B91F7E245A007599F6 /* SitbLocalAuthentication.xcodeproj */,
				14676CD11ECBF67F002C5ED4 /* SDK */,
				14676CA61ECBF592002C5ED4 /* WeChatManager.h */,
				14676CA71ECBF592002C5ED4 /* WeChatManager.m */,
				14676C9B1ECBF563002C5ED4 /* Products */,
			);
			sourceTree = "<group>";
		};
		14676C9B1ECBF563002C5ED4 /* Products */ = {
			isa = PBXGroup;
			children = (
				14676C9A1ECBF563002C5ED4 /* libSitbWeChat.a */,
			);
			name = Products;
			sourceTree = "<group>";
		};
		14676CD11ECBF67F002C5ED4 /* SDK */ = {
			isa = PBXGroup;
			children = (
				14676CD21ECBF688002C5ED4 /* libWeChatSDK.a */,
				14676CD31ECBF688002C5ED4 /* README.txt */,
				14676CD41ECBF688002C5ED4 /* WechatAuthSDK.h */,
				14676CD51ECBF688002C5ED4 /* WXApi.h */,
				14676CD61ECBF688002C5ED4 /* WXApiObject.h */,
			);
			name = SDK;
			sourceTree = "<group>";
		};
/* End PBXGroup section */

/* Begin PBXNativeTarget section */
		14676C991ECBF563002C5ED4 /* SitbWeChat */ = {
			isa = PBXNativeTarget;
			buildConfigurationList = 14676CA31ECBF563002C5ED4 /* Build configuration list for PBXNativeTarget "SitbWeChat" */;
			buildPhases = (
				14676C961ECBF563002C5ED4 /* Sources */,
				14676C971ECBF563002C5ED4 /* Frameworks */,
				14676C981ECBF563002C5ED4 /* CopyFiles */,
			);
			buildRules = (
			);
			dependencies = (
			);
			name = SitbWeChat;
			productName = SitbRCTWeChat;
			productReference = 14676C9A1ECBF563002C5ED4 /* libSitbWeChat.a */;
			productType = "com.apple.product-type.library.static";
		};
/* End PBXNativeTarget section */

/* Begin PBXProject section */
		14676C921ECBF563002C5ED4 /* Project object */ = {
			isa = PBXProject;
			attributes = {
				LastUpgradeCheck = 0830;
				ORGANIZATIONNAME = "Sitb Software";
				TargetAttributes = {
					14676C991ECBF563002C5ED4 = {
						CreatedOnToolsVersion = 8.3.2;
						DevelopmentTeam = BQ4NXA23JF;
						ProvisioningStyle = Automatic;
					};
				};
			};
			buildConfigurationList = 14676C951ECBF563002C5ED4 /* Build configuration list for PBXProject "SitbWeChat" */;
			compatibilityVersion = "Xcode 3.2";
			developmentRegion = English;
			hasScannedForEncodings = 0;
			knownRegions = (
				en,
			);
			mainGroup = 14676C911ECBF563002C5ED4;
			productRefGroup = 14676C9B1ECBF563002C5ED4 /* Products */;
			projectDirPath = "";
			projectReferences = (
				{
					ProductGroup = 144928BA1F7E245A007599F6 /* Products */;
					ProjectRef = 144928B91F7E245A007599F6 /* SitbLocalAuthentication.xcodeproj */;
				},
			);
			projectRoot = "";
			targets = (
				14676C991ECBF563002C5ED4 /* SitbWeChat */,
			);
		};
/* End PBXProject section */

/* Begin PBXReferenceProxy section */
		144928BE1F7E245A007599F6 /* libSitbLocalAuthentication.a */ = {
			isa = PBXReferenceProxy;
			fileType = archive.ar;
			path = libSitbLocalAuthentication.a;
			remoteRef = 144928BD1F7E245A007599F6 /* PBXContainerItemProxy */;
			sourceTree = BUILT_PRODUCTS_DIR;
		};
/* End PBXReferenceProxy section */

/* Begin PBXSourcesBuildPhase section */
		14676C961ECBF563002C5ED4 /* Sources */ = {
			isa = PBXSourcesBuildPhase;
			buildActionMask = 2147483647;
			files = (
				14676CA81ECBF592002C5ED4 /* WeChatManager.m in Sources */,
			);
			runOnlyForDeploymentPostprocessing = 0;
		};
/* End PBXSourcesBuildPhase section */

/* Begin XCBuildConfiguration section */
		14676CA11ECBF563002C5ED4 /* Debug */ = {
			isa = XCBuildConfiguration;
			buildSettings = {
				ALWAYS_SEARCH_USER_PATHS = NO;
				CLANG_ANALYZER_NONNULL = YES;
				CLANG_ANALYZER_NUMBER_OBJECT_CONVERSION = YES_AGGRESSIVE;
				CLANG_CXX_LANGUAGE_STANDARD = "gnu++0x";
				CLANG_CXX_LIBRARY = "libc++";
				CLANG_ENABLE_MODULES = YES;
				CLANG_ENABLE_OBJC_ARC = YES;
				CLANG_WARN_BOOL_CONVERSION = YES;
				CLANG_WARN_CONSTANT_CONVERSION = YES;
				CLANG_WARN_DIRECT_OBJC_ISA_USAGE = YES_ERROR;
				CLANG_WARN_DOCUMENTATION_COMMENTS = YES;
				CLANG_WARN_EMPTY_BODY = YES;
				CLANG_WARN_ENUM_CONVERSION = YES;
				CLANG_WARN_INFINITE_RECURSION = YES;
				CLANG_WARN_INT_CONVERSION = YES;
				CLANG_WARN_OBJC_ROOT_CLASS = YES_ERROR;
				CLANG_WARN_SUSPICIOUS_MOVE = YES;
				CLANG_WARN_UNREACHABLE_CODE = YES;
				CLANG_WARN__DUPLICATE_METHOD_MATCH = YES;
				"CODE_SIGN_IDENTITY[sdk=iphoneos*]" = "iPhone Developer";
				COPY_PHASE_STRIP = NO;
				DEBUG_INFORMATION_FORMAT = dwarf;
				ENABLE_STRICT_OBJC_MSGSEND = YES;
				ENABLE_TESTABILITY = YES;
				GCC_C_LANGUAGE_STANDARD = gnu99;
				GCC_DYNAMIC_NO_PIC = NO;
				GCC_NO_COMMON_BLOCKS = YES;
				GCC_OPTIMIZATION_LEVEL = 0;
				GCC_PREPROCESSOR_DEFINITIONS = (
					"DEBUG=1",
					"$(inherited)",
				);
				GCC_WARN_64_TO_32_BIT_CONVERSION = YES;
				GCC_WARN_ABOUT_RETURN_TYPE = YES_ERROR;
				GCC_WARN_UNDECLARED_SELECTOR = YES;
				GCC_WARN_UNINITIALIZED_AUTOS = YES_AGGRESSIVE;
				GCC_WARN_UNUSED_FUNCTION = YES;
				GCC_WARN_UNUSED_VARIABLE = YES;
				HEADER_SEARCH_PATHS = "";
				IPHONEOS_DEPLOYMENT_TARGET = 10.3;
				MTL_ENABLE_DEBUG_INFO = YES;
				ONLY_ACTIVE_ARCH = YES;
				SDKROOT = iphoneos;
			};
			name = Debug;
		};
		14676CA21ECBF563002C5ED4 /* Release */ = {
			isa = XCBuildConfiguration;
			buildSettings = {
				ALWAYS_SEARCH_USER_PATHS = NO;
				CLANG_ANALYZER_NONNULL = YES;
				CLANG_ANALYZER_NUMBER_OBJECT_CONVERSION = YES_AGGRESSIVE;
				CLANG_CXX_LANGUAGE_STANDARD = "gnu++0x";
				CLANG_CXX_LIBRARY = "libc++";
				CLANG_ENABLE_MODULES = YES;
				CLANG_ENABLE_OBJC_ARC = YES;
				CLANG_WARN_BOOL_CONVERSION = YES;
				CLANG_WARN_CONSTANT_CONVERSION = YES;
				CLANG_WARN_DIRECT_OBJC_ISA_USAGE = YES_ERROR;
				CLANG_WARN_DOCUMENTATION_COMMENTS = YES;
				CLANG_WARN_EMPTY_BODY = YES;
				CLANG_WARN_ENUM_CONVERSION = YES;
				CLANG_WARN_INFINITE_RECURSION = YES;
				CLANG_WARN_INT_CONVERSION = YES;
				CLANG_WARN_OBJC_ROOT_CLASS = YES_ERROR;
				CLANG_WARN_SUSPICIOUS_MOVE = YES;
				CLANG_WARN_UNREACHABLE_CODE = YES;
				CLANG_WARN__DUPLICATE_METHOD_MATCH = YES;
				"CODE_SIGN_IDENTITY[sdk=iphoneos*]" = "iPhone Developer";
				COPY_PHASE_STRIP = NO;
				DEBUG_INFORMATION_FORMAT = "dwarf-with-dsym";
				ENABLE_NS_ASSERTIONS = NO;
				ENABLE_STRICT_OBJC_MSGSEND = YES;
				GCC_C_LANGUAGE_STANDARD = gnu99;
				GCC_NO_COMMON_BLOCKS = YES;
				GCC_WARN_64_TO_32_BIT_CONVERSION = YES;
				GCC_WARN_ABOUT_RETURN_TYPE = YES_ERROR;
				GCC_WARN_UNDECLARED_SELECTOR = YES;
				GCC_WARN_UNINITIALIZED_AUTOS = YES_AGGRESSIVE;
				GCC_WARN_UNUSED_FUNCTION = YES;
				GCC_WARN_UNUSED_VARIABLE = YES;
				HEADER_SEARCH_PATHS = "";
				IPHONEOS_DEPLOYMENT_TARGET = 10.3;
				MTL_ENABLE_DEBUG_INFO = NO;
				SDKROOT = iphoneos;
				VALIDATE_PRODUCT = YES;
			};
			name = Release;
		};
		14676CA41ECBF563002C5ED4 /* Debug */ = {
			isa = XCBuildConfiguration;
			buildSettings = {
				DEVELOPMENT_TEAM = BQ4NXA23JF;
				HEADER_SEARCH_PATHS = (
					"$(inherited)",
					"$(SRCROOT)/../../../react-native/React/**",
					"$(SRCROOT)/../../node_modules/react-native/React/**",
				);
				LIBRARY_SEARCH_PATHS = (
					"$(inherited)",
					"$(PROJECT_DIR)/SDK",
				);
				OTHER_LDFLAGS = "-ObjC";
				PRODUCT_NAME = "$(TARGET_NAME)";
				SKIP_INSTALL = YES;
			};
			name = Debug;
		};
		14676CA51ECBF563002C5ED4 /* Release */ = {
			isa = XCBuildConfiguration;
			buildSettings = {
				DEVELOPMENT_TEAM = BQ4NXA23JF;
				HEADER_SEARCH_PATHS = (
					"$(inherited)",
					"$(SRCROOT)/../../../react-native/React/**",
					"$(SRCROOT)/../../node_modules/react-native/React/**",
				);
				LIBRARY_SEARCH_PATHS = (
					"$(inherited)",
					"$(PROJECT_DIR)/SDK",
				);
				OTHER_LDFLAGS = "-ObjC";
				PRODUCT_NAME = "$(TARGET_NAME)";
				SKIP_INSTALL = YES;
			};
			name = Release;
		};
/* End XCBuildConfiguration section */

/* Begin XCConfigurationList section */
		14676C951ECBF563002C5ED4 /* Build configuration list for PBXProject "SitbWeChat" */ = {
			isa = XCConfigurationList;
			buildConfigurations = (
				14676CA11ECBF563002C5ED4 /* Debug */,
				14676CA21ECBF563002C5ED4 /* Release */,
			);
			defaultConfigurationIsVisible = 0;
			defaultConfigurationName = Release;
		};
		14676CA31ECBF563002C5ED4 /* Build configuration list for PBXNativeTarget "SitbWeChat" */ = {
			isa = XCConfigurationList;
			buildConfigurations = (
				14676CA41ECBF563002C5ED4 /* Debug */,
				14676CA51ECBF563002C5ED4 /* Release */,
			);
			defaultConfigurationIsVisible = 0;
			defaultConfigurationName = Release;
		};
/* End XCConfigurationList section */
	};
	rootObject = 14676C921ECBF563002C5ED4 /* Project object */;
}
