// !$*UTF8*$!
{
	archiveVersion = 1;
	classes = {
	};
	objectVersion = 46;
	objects = {

/* Begin PBXBuildFile section */
		27421071C9E9D777966376CD /* OrientationManager.m in Sources */ = {isa = PBXBuildFile; fileRef = 27421749B2F38FBCB42A12E8 /* OrientationManager.m */; };
/* End PBXBuildFile section */

/* Begin PBXContainerItemProxy section */
		14B9C4A11F2B2E6C001E251B /* PBXContainerItemProxy */ = {
			isa = PBXContainerItemProxy;
			containerPortal = 14B9C49D1F2B2E6C001E251B /* SitbQuickAction.xcodeproj */;
			proxyType = 2;
			remoteGlobalIDString = 14B9C4541F2B031E001E251B;
			remoteInfo = SitbQuickAction;
		};
/* End PBXContainerItemProxy section */

/* Begin PBXCopyFilesBuildPhase section */
		14120F151D54699D0060E8E7 /* CopyFiles */ = {
			isa = PBXCopyFilesBuildPhase;
			buildActionMask = 2147483647;
			dstPath = "include/$(PRODUCT_NAME)";
			dstSubfolderSpec = 16;
			files = (
			);
			runOnlyForDeploymentPostprocessing = 0;
		};
/* End PBXCopyFilesBuildPhase section */

/* Begin PBXFileReference section */
		14120F171D54699D0060E8E7 /* libSitbOrientation.a */ = {isa = PBXFileReference; explicitFileType = archive.ar; includeInIndex = 0; path = libSitbOrientation.a; sourceTree = BUILT_PRODUCTS_DIR; };
		14B9C49D1F2B2E6C001E251B /* SitbQuickAction.xcodeproj */ = {isa = PBXFileReference; lastKnownFileType = "wrapper.pb-project"; name = SitbQuickAction.xcodeproj; path = ../SitbQuickAction/SitbQuickAction.xcodeproj; sourceTree = "<group>"; };
		27421442FB7577D71B797124 /* OrientationManager.h */ = {isa = PBXFileReference; fileEncoding = 4; lastKnownFileType = sourcecode.c.h; path = OrientationManager.h; sourceTree = "<group>"; };
		27421749B2F38FBCB42A12E8 /* OrientationManager.m */ = {isa = PBXFileReference; fileEncoding = 4; lastKnownFileType = sourcecode.c.objc; path = OrientationManager.m; sourceTree = "<group>"; };
/* End PBXFileReference section */

/* Begin PBXFrameworksBuildPhase section */
		14120F141D54699D0060E8E7 /* Frameworks */ = {
			isa = PBXFrameworksBuildPhase;
			buildActionMask = 2147483647;
			files = (
			);
			runOnlyForDeploymentPostprocessing = 0;
		};
/* End PBXFrameworksBuildPhase section */

/* Begin PBXGroup section */
		14120F0E1D54699D0060E8E7 = {
			isa = PBXGroup;
			children = (
				14B9C49D1F2B2E6C001E251B /* SitbQuickAction.xcodeproj */,
				14120F181D54699D0060E8E7 /* Products */,
				27421749B2F38FBCB42A12E8 /* OrientationManager.m */,
				27421442FB7577D71B797124 /* OrientationManager.h */,
			);
			sourceTree = "<group>";
		};
		14120F181D54699D0060E8E7 /* Products */ = {
			isa = PBXGroup;
			children = (
				14120F171D54699D0060E8E7 /* libSitbOrientation.a */,
			);
			name = Products;
			sourceTree = "<group>";
		};
		14B9C49E1F2B2E6C001E251B /* Products */ = {
			isa = PBXGroup;
			children = (
				14B9C4A21F2B2E6C001E251B /* libSitbQuickAction.a */,
			);
			name = Products;
			sourceTree = "<group>";
		};
/* End PBXGroup section */

/* Begin PBXNativeTarget section */
		14120F161D54699D0060E8E7 /* SitbOrientation */ = {
			isa = PBXNativeTarget;
			buildConfigurationList = 14120F201D54699D0060E8E7 /* Build configuration list for PBXNativeTarget "SitbOrientation" */;
			buildPhases = (
				14120F131D54699D0060E8E7 /* Sources */,
				14120F141D54699D0060E8E7 /* Frameworks */,
				14120F151D54699D0060E8E7 /* CopyFiles */,
			);
			buildRules = (
			);
			dependencies = (
			);
			name = SitbOrientation;
			productName = SitbRCTOrientation;
			productReference = 14120F171D54699D0060E8E7 /* libSitbOrientation.a */;
			productType = "com.apple.product-type.library.static";
		};
/* End PBXNativeTarget section */

/* Begin PBXProject section */
		14120F0F1D54699D0060E8E7 /* Project object */ = {
			isa = PBXProject;
			attributes = {
				LastUpgradeCheck = 0720;
				ORGANIZATIONNAME = "Sitb Software";
				TargetAttributes = {
					14120F161D54699D0060E8E7 = {
						CreatedOnToolsVersion = 7.2.1;
					};
				};
			};
			buildConfigurationList = 14120F121D54699D0060E8E7 /* Build configuration list for PBXProject "SitbOrientation" */;
			compatibilityVersion = "Xcode 3.2";
			developmentRegion = English;
			hasScannedForEncodings = 0;
			knownRegions = (
				en,
			);
			mainGroup = 14120F0E1D54699D0060E8E7;
			productRefGroup = 14120F181D54699D0060E8E7 /* Products */;
			projectDirPath = "";
			projectReferences = (
				{
					ProductGroup = 14B9C49E1F2B2E6C001E251B /* Products */;
					ProjectRef = 14B9C49D1F2B2E6C001E251B /* SitbQuickAction.xcodeproj */;
				},
			);
			projectRoot = "";
			targets = (
				14120F161D54699D0060E8E7 /* SitbOrientation */,
			);
		};
/* End PBXProject section */

/* Begin PBXReferenceProxy section */
		14B9C4A21F2B2E6C001E251B /* libSitbQuickAction.a */ = {
			isa = PBXReferenceProxy;
			fileType = archive.ar;
			path = libSitbQuickAction.a;
			remoteRef = 14B9C4A11F2B2E6C001E251B /* PBXContainerItemProxy */;
			sourceTree = BUILT_PRODUCTS_DIR;
		};
/* End PBXReferenceProxy section */

/* Begin PBXSourcesBuildPhase section */
		14120F131D54699D0060E8E7 /* Sources */ = {
			isa = PBXSourcesBuildPhase;
			buildActionMask = 2147483647;
			files = (
				27421071C9E9D777966376CD /* OrientationManager.m in Sources */,
			);
			runOnlyForDeploymentPostprocessing = 0;
		};
/* End PBXSourcesBuildPhase section */

/* Begin XCBuildConfiguration section */
		14120F1E1D54699D0060E8E7 /* Debug */ = {
			isa = XCBuildConfiguration;
			buildSettings = {
				ALWAYS_SEARCH_USER_PATHS = NO;
				CLANG_CXX_LANGUAGE_STANDARD = "gnu++0x";
				CLANG_CXX_LIBRARY = "libc++";
				CLANG_ENABLE_MODULES = YES;
				CLANG_ENABLE_OBJC_ARC = YES;
				CLANG_WARN_BOOL_CONVERSION = YES;
				CLANG_WARN_CONSTANT_CONVERSION = YES;
				CLANG_WARN_DIRECT_OBJC_ISA_USAGE = YES_ERROR;
				CLANG_WARN_EMPTY_BODY = YES;
				CLANG_WARN_ENUM_CONVERSION = YES;
				CLANG_WARN_INT_CONVERSION = YES;
				CLANG_WARN_OBJC_ROOT_CLASS = YES_ERROR;
				CLANG_WARN_UNREACHABLE_CODE = YES;
				CLANG_WARN__DUPLICATE_METHOD_MATCH = YES;
				"CODE_SIGN_IDENTITY[sdk=iphoneos*]" = "iPhone Developer";
				COPY_PHASE_STRIP = NO;
				DEBUG_INFORMATION_FORMAT = dwarf;
				ENABLE_STRICT_OBJC_MSGSEND = YES;
				ENABLE_TESTABILITY = YES;
				GCC_C_LANGUAGE_STANDARD = gnu99;
				GCC_DYNAMIC_NO_PIC = NO;
				GCC_NO_COMMON_BLOCKS = YES;
				GCC_OPTIMIZATION_LEVEL = 0;
				GCC_PREPROCESSOR_DEFINITIONS = (
					"DEBUG=1",
					"$(inherited)",
				);
				GCC_WARN_64_TO_32_BIT_CONVERSION = YES;
				GCC_WARN_ABOUT_RETURN_TYPE = YES_ERROR;
				GCC_WARN_UNDECLARED_SELECTOR = YES;
				GCC_WARN_UNINITIALIZED_AUTOS = YES_AGGRESSIVE;
				GCC_WARN_UNUSED_FUNCTION = YES;
				GCC_WARN_UNUSED_VARIABLE = YES;
				IPHONEOS_DEPLOYMENT_TARGET = 9.2;
				MTL_ENABLE_DEBUG_INFO = YES;
				ONLY_ACTIVE_ARCH = YES;
				SDKROOT = iphoneos;
			};
			name = Debug;
		};
		14120F1F1D54699D0060E8E7 /* Release */ = {
			isa = XCBuildConfiguration;
			buildSettings = {
				ALWAYS_SEARCH_USER_PATHS = NO;
				CLANG_CXX_LANGUAGE_STANDARD = "gnu++0x";
				CLANG_CXX_LIBRARY = "libc++";
				CLANG_ENABLE_MODULES = YES;
				CLANG_ENABLE_OBJC_ARC = YES;
				CLANG_WARN_BOOL_CONVERSION = YES;
				CLANG_WARN_CONSTANT_CONVERSION = YES;
				CLANG_WARN_DIRECT_OBJC_ISA_USAGE = YES_ERROR;
				CLANG_WARN_EMPTY_BODY = YES;
				CLANG_WARN_ENUM_CONVERSION = YES;
				CLANG_WARN_INT_CONVERSION = YES;
				CLANG_WARN_OBJC_ROOT_CLASS = YES_ERROR;
				CLANG_WARN_UNREACHABLE_CODE = YES;
				CLANG_WARN__DUPLICATE_METHOD_MATCH = YES;
				"CODE_SIGN_IDENTITY[sdk=iphoneos*]" = "iPhone Developer";
				COPY_PHASE_STRIP = NO;
				DEBUG_INFORMATION_FORMAT = "dwarf-with-dsym";
				ENABLE_NS_ASSERTIONS = NO;
				ENABLE_STRICT_OBJC_MSGSEND = YES;
				GCC_C_LANGUAGE_STANDARD = gnu99;
				GCC_NO_COMMON_BLOCKS = YES;
				GCC_WARN_64_TO_32_BIT_CONVERSION = YES;
				GCC_WARN_ABOUT_RETURN_TYPE = YES_ERROR;
				GCC_WARN_UNDECLARED_SELECTOR = YES;
				GCC_WARN_UNINITIALIZED_AUTOS = YES_AGGRESSIVE;
				GCC_WARN_UNUSED_FUNCTION = YES;
				GCC_WARN_UNUSED_VARIABLE = YES;
				IPHONEOS_DEPLOYMENT_TARGET = 9.2;
				MTL_ENABLE_DEBUG_INFO = NO;
				SDKROOT = iphoneos;
				VALIDATE_PRODUCT = YES;
			};
			name = Release;
		};
		14120F211D54699D0060E8E7 /* Debug */ = {
			isa = XCBuildConfiguration;
			buildSettings = {
				HEADER_SEARCH_PATHS = (
					"$(inherited)",
					"$(SRCROOT)/../../../react-native/React/**",
					"$(SRCROOT)/../../node_modules/react-native/React/**",
				);
				OTHER_LDFLAGS = "-ObjC";
				PRODUCT_NAME = "$(TARGET_NAME)";
				SKIP_INSTALL = YES;
			};
			name = Debug;
		};
		14120F221D54699D0060E8E7 /* Release */ = {
			isa = XCBuildConfiguration;
			buildSettings = {
				HEADER_SEARCH_PATHS = (
					"$(inherited)",
					"$(SRCROOT)/../../../react-native/React/**",
					"$(SRCROOT)/../../node_modules/react-native/React/**",
				);
				OTHER_LDFLAGS = "-ObjC";
				PRODUCT_NAME = "$(TARGET_NAME)";
				SKIP_INSTALL = YES;
			};
			name = Release;
		};
/* End XCBuildConfiguration section */

/* Begin XCConfigurationList section */
		14120F121D54699D0060E8E7 /* Build configuration list for PBXProject "SitbOrientation" */ = {
			isa = XCConfigurationList;
			buildConfigurations = (
				14120F1E1D54699D0060E8E7 /* Debug */,
				14120F1F1D54699D0060E8E7 /* Release */,
			);
			defaultConfigurationIsVisible = 0;
			defaultConfigurationName = Release;
		};
		14120F201D54699D0060E8E7 /* Build configuration list for PBXNativeTarget "SitbOrientation" */ = {
			isa = XCConfigurationList;
			buildConfigurations = (
				14120F211D54699D0060E8E7 /* Debug */,
				14120F221D54699D0060E8E7 /* Release */,
			);
			defaultConfigurationIsVisible = 0;
			defaultConfigurationName = Release;
		};
/* End XCConfigurationList section */
	};
	rootObject = 14120F0F1D54699D0060E8E7 /* Project object */;
}
